Microsoft Visual Studio Solution File, Format Version 12.00
# Visual Studio Version 17
VisualStudioVersion = 17.5.2.0
MinimumVisualStudioVersion = 10.0.40219.1
Project("{2150E333-8FDC-42A3-9474-1A3956D46DE8}") = "Demo1-Declarative", "Demo1-Declarative", "{A2DC2D85-6D68-6A88-8A29-100B2D434FEA}"
EndProject
Project("{2150E333-8FDC-42A3-9474-1A3956D46DE8}") = "Demo2-Programmatic", "Demo2-Programmatic", "{E08452F6-C7EA-48B4-974D-B98E62B2A3AD}"
EndProject
Project("{2150E333-8FDC-42A3-9474-1A3956D46DE8}") = "Demo3-Streaming", "Demo3-Streaming", "{7C9E4ECB-C1AF-8DEF-9652-75F635089C5C}"
EndProject
Project("{2150E333-8FDC-42A3-9474-1A3956D46DE8}") = "Demo4-Bulk", "Demo4-Bulk", "{8C9EA835-627B-67BA-07D5-96D4118A3895}"
EndProject
Project("{2150E333-8FDC-42A3-9474-1A3956D46DE8}") = "Demo5-CloudEvents", "Demo5-CloudEvents", "{65EDD9DA-A497-3305-829C-09BB2E82CD86}"
EndProject
Project("{2150E333-8FDC-42A3-9474-1A3956D46DE8}") = "Demo6-Routing", "Demo6-Routing", "{733C77BE-F3FA-F694-306D-98FDA4110769}"
EndProject
Project("{2150E333-8FDC-42A3-9474-1A3956D46DE8}") = "Demo7-Resiliency", "Demo7-Resiliency", "{2D5A711D-3E0D-7C91-3827-8372401160E0}"
EndProject
Project("{2150E333-8FDC-42A3-9474-1A3956D46DE8}") = "Demo8-Outbox", "Demo8-Outbox", "{549DBE5E-830B-1C5D-EDCF-9910FA2CD906}"
EndProject
Project("{FAE04EC0-301F-11D3-BF4B-00C04F79EFBC}") = "ReceiverService", "Demo1-Declarative\ReceiverService\ReceiverService.csproj", "{1EB0CD25-AD02-FB18-599D-BCD8D427D91B}"
EndProject
Project("{FAE04EC0-301F-11D3-BF4B-00C04F79EFBC}") = "SenderService", "Demo1-Declarative\SenderService\SenderService.csproj", "{C77806A4-3C21-67E2-4591-A5CCD64F7D27}"
EndProject
Project("{FAE04EC0-301F-11D3-BF4B-00C04F79EFBC}") = "ReceiverService", "Demo2-Programmatic\ReceiverService\ReceiverService.csproj", "{5ABE4F06-06A7-8778-B3BC-739FDFE04B13}"
EndProject
Project("{FAE04EC0-301F-11D3-BF4B-00C04F79EFBC}") = "SenderService", "Demo2-Programmatic\SenderService\SenderService.csproj", "{8FB2B994-86F2-E397-814A-90D3086939F4}"
EndProject
Project("{FAE04EC0-301F-11D3-BF4B-00C04F79EFBC}") = "ReceiverService", "Demo3-Streaming\ReceiverService\ReceiverService.csproj", "{1BD19B19-19E0-8FA8-9B68-9625425EB80E}"
EndProject
Project("{FAE04EC0-301F-11D3-BF4B-00C04F79EFBC}") = "SenderService", "Demo3-Streaming\SenderService\SenderService.csproj", "{72B29B09-D076-6D78-5BCA-A949B6B5AF8C}"
EndProject
Project("{FAE04EC0-301F-11D3-BF4B-00C04F79EFBC}") = "ReceiverService", "Demo4-Bulk\ReceiverService\ReceiverService.csproj", "{5E06F1D7-6478-FE27-DBEE-DDF2D483622B}"
EndProject
Project("{FAE04EC0-301F-11D3-BF4B-00C04F79EFBC}") = "SenderService", "Demo4-Bulk\SenderService\SenderService.csproj", "{D6645D73-F966-380F-4833-79A97103D5B1}"
EndProject
Project("{FAE04EC0-301F-11D3-BF4B-00C04F79EFBC}") = "ReceiverService", "Demo5-CloudEvents\ReceiverService\ReceiverService.csproj", "{26C87FFD-B87E-11C2-8C83-E3EB73071512}"
EndProject
Project("{FAE04EC0-301F-11D3-BF4B-00C04F79EFBC}") = "SenderService", "Demo5-CloudEvents\SenderService\SenderService.csproj", "{5D9750FF-8AD0-2A97-D6EC-647E56CB59D0}"
EndProject
Project("{FAE04EC0-301F-11D3-BF4B-00C04F79EFBC}") = "ReceiverService1", "Demo6-Routing\ReceiverService1\ReceiverService1.csproj", "{5C57FFA5-F404-5FA3-899A-48CC5F5D2773}"
EndProject
Project("{FAE04EC0-301F-11D3-BF4B-00C04F79EFBC}") = "ReceiverService2", "Demo6-Routing\ReceiverService2\ReceiverService2.csproj", "{C3E8056B-FD57-0F56-20F6-428309E36F9D}"
EndProject
Project("{FAE04EC0-301F-11D3-BF4B-00C04F79EFBC}") = "SenderService", "Demo6-Routing\SenderService\SenderService.csproj", "{8500D204-BCC7-A4DE-06B1-5C9A9EE2139E}"
EndProject
Project("{FAE04EC0-301F-11D3-BF4B-00C04F79EFBC}") = "DeadLetterService", "Demo7-Resiliency\DeadLetterService\DeadLetterService.csproj", "{C0043EAD-BF8C-E32A-11FC-8DA77A393FAA}"
EndProject
Project("{FAE04EC0-301F-11D3-BF4B-00C04F79EFBC}") = "ReceiverService", "Demo7-Resiliency\ReceiverService\ReceiverService.csproj", "{09CA7D0F-AFB1-1D6C-883F-FD5625844ED4}"
EndProject
Project("{FAE04EC0-301F-11D3-BF4B-00C04F79EFBC}") = "SenderService", "Demo7-Resiliency\SenderService\SenderService.csproj", "{4218A89C-E3F0-87D4-8CFC-7A3B6D88BC82}"
EndProject
Project("{FAE04EC0-301F-11D3-BF4B-00C04F79EFBC}") = "ReceiverService", "Demo8-Outbox\ReceiverService\ReceiverService.csproj", "{E96520BB-EFE9-A925-11A7-A9B3F394D0B2}"
EndProject
Project("{FAE04EC0-301F-11D3-BF4B-00C04F79EFBC}") = "SenderService", "Demo8-Outbox\SenderService\SenderService.csproj", "{6D1F881D-BE1B-5FD2-F57F-6A0AF034ADCC}"
EndProject
Global
	GlobalSection(SolutionConfigurationPlatforms) = preSolution
		Debug|Any CPU = Debug|Any CPU
		Release|Any CPU = Release|Any CPU
	EndGlobalSection
	GlobalSection(ProjectConfigurationPlatforms) = postSolution
		{1EB0CD25-AD02-FB18-599D-BCD8D427D91B}.Debug|Any CPU.ActiveCfg = Debug|Any CPU
		{1EB0CD25-AD02-FB18-599D-BCD8D427D91B}.Debug|Any CPU.Build.0 = Debug|Any CPU
		{1EB0CD25-AD02-FB18-599D-BCD8D427D91B}.Release|Any CPU.ActiveCfg = Release|Any CPU
		{1EB0CD25-AD02-FB18-599D-BCD8D427D91B}.Release|Any CPU.Build.0 = Release|Any CPU
		{C77806A4-3C21-67E2-4591-A5CCD64F7D27}.Debug|Any CPU.ActiveCfg = Debug|Any CPU
		{C77806A4-3C21-67E2-4591-A5CCD64F7D27}.Debug|Any CPU.Build.0 = Debug|Any CPU
		{C77806A4-3C21-67E2-4591-A5CCD64F7D27}.Release|Any CPU.ActiveCfg = Release|Any CPU
		{C77806A4-3C21-67E2-4591-A5CCD64F7D27}.Release|Any CPU.Build.0 = Release|Any CPU
		{5ABE4F06-06A7-8778-B3BC-739FDFE04B13}.Debug|Any CPU.ActiveCfg = Debug|Any CPU
		{5ABE4F06-06A7-8778-B3BC-739FDFE04B13}.Debug|Any CPU.Build.0 = Debug|Any CPU
		{5ABE4F06-06A7-8778-B3BC-739FDFE04B13}.Release|Any CPU.ActiveCfg = Release|Any CPU
		{5ABE4F06-06A7-8778-B3BC-739FDFE04B13}.Release|Any CPU.Build.0 = Release|Any CPU
		{8FB2B994-86F2-E397-814A-90D3086939F4}.Debug|Any CPU.ActiveCfg = Debug|Any CPU
		{8FB2B994-86F2-E397-814A-90D3086939F4}.Debug|Any CPU.Build.0 = Debug|Any CPU
		{8FB2B994-86F2-E397-814A-90D3086939F4}.Release|Any CPU.ActiveCfg = Release|Any CPU
		{8FB2B994-86F2-E397-814A-90D3086939F4}.Release|Any CPU.Build.0 = Release|Any CPU
		{1BD19B19-19E0-8FA8-9B68-9625425EB80E}.Debug|Any CPU.ActiveCfg = Debug|Any CPU
		{1BD19B19-19E0-8FA8-9B68-9625425EB80E}.Debug|Any CPU.Build.0 = Debug|Any CPU
		{1BD19B19-19E0-8FA8-9B68-9625425EB80E}.Release|Any CPU.ActiveCfg = Release|Any CPU
		{1BD19B19-19E0-8FA8-9B68-9625425EB80E}.Release|Any CPU.Build.0 = Release|Any CPU
		{72B29B09-D076-6D78-5BCA-A949B6B5AF8C}.Debug|Any CPU.ActiveCfg = Debug|Any CPU
		{72B29B09-D076-6D78-5BCA-A949B6B5AF8C}.Debug|Any CPU.Build.0 = Debug|Any CPU
		{72B29B09-D076-6D78-5BCA-A949B6B5AF8C}.Release|Any CPU.ActiveCfg = Release|Any CPU
		{72B29B09-D076-6D78-5BCA-A949B6B5AF8C}.Release|Any CPU.Build.0 = Release|Any CPU
		{5E06F1D7-6478-FE27-DBEE-DDF2D483622B}.Debug|Any CPU.ActiveCfg = Debug|Any CPU
		{5E06F1D7-6478-FE27-DBEE-DDF2D483622B}.Debug|Any CPU.Build.0 = Debug|Any CPU
		{5E06F1D7-6478-FE27-DBEE-DDF2D483622B}.Release|Any CPU.ActiveCfg = Release|Any CPU
		{5E06F1D7-6478-FE27-DBEE-DDF2D483622B}.Release|Any CPU.Build.0 = Release|Any CPU
		{D6645D73-F966-380F-4833-79A97103D5B1}.Debug|Any CPU.ActiveCfg = Debug|Any CPU
		{D6645D73-F966-380F-4833-79A97103D5B1}.Debug|Any CPU.Build.0 = Debug|Any CPU
		{D6645D73-F966-380F-4833-79A97103D5B1}.Release|Any CPU.ActiveCfg = Release|Any CPU
		{D6645D73-F966-380F-4833-79A97103D5B1}.Release|Any CPU.Build.0 = Release|Any CPU
		{26C87FFD-B87E-11C2-8C83-E3EB73071512}.Debug|Any CPU.ActiveCfg = Debug|Any CPU
		{26C87FFD-B87E-11C2-8C83-E3EB73071512}.Debug|Any CPU.Build.0 = Debug|Any CPU
		{26C87FFD-B87E-11C2-8C83-E3EB73071512}.Release|Any CPU.ActiveCfg = Release|Any CPU
		{26C87FFD-B87E-11C2-8C83-E3EB73071512}.Release|Any CPU.Build.0 = Release|Any CPU
		{5D9750FF-8AD0-2A97-D6EC-647E56CB59D0}.Debug|Any CPU.ActiveCfg = Debug|Any CPU
		{5D9750FF-8AD0-2A97-D6EC-647E56CB59D0}.Debug|Any CPU.Build.0 = Debug|Any CPU
		{5D9750FF-8AD0-2A97-D6EC-647E56CB59D0}.Release|Any CPU.ActiveCfg = Release|Any CPU
		{5D9750FF-8AD0-2A97-D6EC-647E56CB59D0}.Release|Any CPU.Build.0 = Release|Any CPU
		{5C57FFA5-F404-5FA3-899A-48CC5F5D2773}.Debug|Any CPU.ActiveCfg = Debug|Any CPU
		{5C57FFA5-F404-5FA3-899A-48CC5F5D2773}.Debug|Any CPU.Build.0 = Debug|Any CPU
		{5C57FFA5-F404-5FA3-899A-48CC5F5D2773}.Release|Any CPU.ActiveCfg = Release|Any CPU
		{5C57FFA5-F404-5FA3-899A-48CC5F5D2773}.Release|Any CPU.Build.0 = Release|Any CPU
		{C3E8056B-FD57-0F56-20F6-428309E36F9D}.Debug|Any CPU.ActiveCfg = Debug|Any CPU
		{C3E8056B-FD57-0F56-20F6-428309E36F9D}.Debug|Any CPU.Build.0 = Debug|Any CPU
		{C3E8056B-FD57-0F56-20F6-428309E36F9D}.Release|Any CPU.ActiveCfg = Release|Any CPU
		{C3E8056B-FD57-0F56-20F6-428309E36F9D}.Release|Any CPU.Build.0 = Release|Any CPU
		{8500D204-BCC7-A4DE-06B1-5C9A9EE2139E}.Debug|Any CPU.ActiveCfg = Debug|Any CPU
		{8500D204-BCC7-A4DE-06B1-5C9A9EE2139E}.Debug|Any CPU.Build.0 = Debug|Any CPU
		{8500D204-BCC7-A4DE-06B1-5C9A9EE2139E}.Release|Any CPU.ActiveCfg = Release|Any CPU
		{8500D204-BCC7-A4DE-06B1-5C9A9EE2139E}.Release|Any CPU.Build.0 = Release|Any CPU
		{C0043EAD-BF8C-E32A-11FC-8DA77A393FAA}.Debug|Any CPU.ActiveCfg = Debug|Any CPU
		{C0043EAD-BF8C-E32A-11FC-8DA77A393FAA}.Debug|Any CPU.Build.0 = Debug|Any CPU
		{C0043EAD-BF8C-E32A-11FC-8DA77A393FAA}.Release|Any CPU.ActiveCfg = Release|Any CPU
		{C0043EAD-BF8C-E32A-11FC-8DA77A393FAA}.Release|Any CPU.Build.0 = Release|Any CPU
		{09CA7D0F-AFB1-1D6C-883F-FD5625844ED4}.Debug|Any CPU.ActiveCfg = Debug|Any CPU
		{09CA7D0F-AFB1-1D6C-883F-FD5625844ED4}.Debug|Any CPU.Build.0 = Debug|Any CPU
		{09CA7D0F-AFB1-1D6C-883F-FD5625844ED4}.Release|Any CPU.ActiveCfg = Release|Any CPU
		{09CA7D0F-AFB1-1D6C-883F-FD5625844ED4}.Release|Any CPU.Build.0 = Release|Any CPU
		{4218A89C-E3F0-87D4-8CFC-7A3B6D88BC82}.Debug|Any CPU.ActiveCfg = Debug|Any CPU
		{4218A89C-E3F0-87D4-8CFC-7A3B6D88BC82}.Debug|Any CPU.Build.0 = Debug|Any CPU
		{4218A89C-E3F0-87D4-8CFC-7A3B6D88BC82}.Release|Any CPU.ActiveCfg = Release|Any CPU
		{4218A89C-E3F0-87D4-8CFC-7A3B6D88BC82}.Release|Any CPU.Build.0 = Release|Any CPU
		{E96520BB-EFE9-A925-11A7-A9B3F394D0B2}.Debug|Any CPU.ActiveCfg = Debug|Any CPU
		{E96520BB-EFE9-A925-11A7-A9B3F394D0B2}.Debug|Any CPU.Build.0 = Debug|Any CPU
		{E96520BB-EFE9-A925-11A7-A9B3F394D0B2}.Release|Any CPU.ActiveCfg = Release|Any CPU
		{E96520BB-EFE9-A925-11A7-A9B3F394D0B2}.Release|Any CPU.Build.0 = Release|Any CPU
		{6D1F881D-BE1B-5FD2-F57F-6A0AF034ADCC}.Debug|Any CPU.ActiveCfg = Debug|Any CPU
		{6D1F881D-BE1B-5FD2-F57F-6A0AF034ADCC}.Debug|Any CPU.Build.0 = Debug|Any CPU
		{6D1F881D-BE1B-5FD2-F57F-6A0AF034ADCC}.Release|Any CPU.ActiveCfg = Release|Any CPU
		{6D1F881D-BE1B-5FD2-F57F-6A0AF034ADCC}.Release|Any CPU.Build.0 = Release|Any CPU
	EndGlobalSection
	GlobalSection(SolutionProperties) = preSolution
		HideSolutionNode = FALSE
	EndGlobalSection
	GlobalSection(NestedProjects) = preSolution
		{1EB0CD25-AD02-FB18-599D-BCD8D427D91B} = {A2DC2D85-6D68-6A88-8A29-100B2D434FEA}
		{C77806A4-3C21-67E2-4591-A5CCD64F7D27} = {A2DC2D85-6D68-6A88-8A29-100B2D434FEA}
		{5ABE4F06-06A7-8778-B3BC-739FDFE04B13} = {E08452F6-C7EA-48B4-974D-B98E62B2A3AD}
		{8FB2B994-86F2-E397-814A-90D3086939F4} = {E08452F6-C7EA-48B4-974D-B98E62B2A3AD}
		{1BD19B19-19E0-8FA8-9B68-9625425EB80E} = {7C9E4ECB-C1AF-8DEF-9652-75F635089C5C}
		{72B29B09-D076-6D78-5BCA-A949B6B5AF8C} = {7C9E4ECB-C1AF-8DEF-9652-75F635089C5C}
		{5E06F1D7-6478-FE27-DBEE-DDF2D483622B} = {8C9EA835-627B-67BA-07D5-96D4118A3895}
		{D6645D73-F966-380F-4833-79A97103D5B1} = {8C9EA835-627B-67BA-07D5-96D4118A3895}
		{26C87FFD-B87E-11C2-8C83-E3EB73071512} = {65EDD9DA-A497-3305-829C-09BB2E82CD86}
		{5D9750FF-8AD0-2A97-D6EC-647E56CB59D0} = {65EDD9DA-A497-3305-829C-09BB2E82CD86}
		{5C57FFA5-F404-5FA3-899A-48CC5F5D2773} = {733C77BE-F3FA-F694-306D-98FDA4110769}
		{C3E8056B-FD57-0F56-20F6-428309E36F9D} = {733C77BE-F3FA-F694-306D-98FDA4110769}
		{8500D204-BCC7-A4DE-06B1-5C9A9EE2139E} = {733C77BE-F3FA-F694-306D-98FDA4110769}
		{C0043EAD-BF8C-E32A-11FC-8DA77A393FAA} = {2D5A711D-3E0D-7C91-3827-8372401160E0}
		{09CA7D0F-AFB1-1D6C-883F-FD5625844ED4} = {2D5A711D-3E0D-7C91-3827-8372401160E0}
		{4218A89C-E3F0-87D4-8CFC-7A3B6D88BC82} = {2D5A711D-3E0D-7C91-3827-8372401160E0}
		{E96520BB-EFE9-A925-11A7-A9B3F394D0B2} = {549DBE5E-830B-1C5D-EDCF-9910FA2CD906}
		{6D1F881D-BE1B-5FD2-F57F-6A0AF034ADCC} = {549DBE5E-830B-1C5D-EDCF-9910FA2CD906}
	EndGlobalSection
	GlobalSection(ExtensibilityGlobals) = postSolution
		SolutionGuid = {FE280905-BB3D-470E-8E00-993F74272454}
	EndGlobalSection
EndGlobal
