Microsoft Visual Studio Solution File, Format Version 12.00
# Visual Studio Version 17
VisualStudioVersion = 17.5.2.0
MinimumVisualStudioVersion = 10.0.40219.1
Project("{2150E333-8FDC-42A3-9474-1A3956D46DE8}") = "Demo1", "Demo1", "{83F23DA6-E45E-1EF5-1BFF-F6A7E44FB9EB}"
EndProject
Project("{FAE04EC0-301F-11D3-BF4B-00C04F79EFBC}") = "ReceiverService", "Demo1\ReceiverService\ReceiverService.csproj", "{A5C68993-2AEA-E33E-7AEC-F81A242BF5F9}"
EndProject
Project("{FAE04EC0-301F-11D3-BF4B-00C04F79EFBC}") = "SenderService", "Demo1\SenderService\SendeService.csproj", "{56D13C22-A1D5-9CEE-158D-A19A5053E4BC}"
EndProject
Global
	GlobalSection(SolutionConfigurationPlatforms) = preSolution
		Debug|Any CPU = Debug|Any CPU
		Release|Any CPU = Release|Any CPU
	EndGlobalSection
	GlobalSection(ProjectConfigurationPlatforms) = postSolution
		{A5C68993-2AEA-E33E-7AEC-F81A242BF5F9}.Debug|Any CPU.ActiveCfg = Debug|Any CPU
		{A5C68993-2AEA-E33E-7AEC-F81A242BF5F9}.Debug|Any CPU.Build.0 = Debug|Any CPU
		{A5C68993-2AEA-E33E-7AEC-F81A242BF5F9}.Release|Any CPU.ActiveCfg = Release|Any CPU
		{A5C68993-2AEA-E33E-7AEC-F81A242BF5F9}.Release|Any CPU.Build.0 = Release|Any CPU
		{56D13C22-A1D5-9CEE-158D-A19A5053E4BC}.Debug|Any CPU.ActiveCfg = Debug|Any CPU
		{56D13C22-A1D5-9CEE-158D-A19A5053E4BC}.Debug|Any CPU.Build.0 = Debug|Any CPU
		{56D13C22-A1D5-9CEE-158D-A19A5053E4BC}.Release|Any CPU.ActiveCfg = Release|Any CPU
		{56D13C22-A1D5-9CEE-158D-A19A5053E4BC}.Release|Any CPU.Build.0 = Release|Any CPU
	EndGlobalSection
	GlobalSection(SolutionProperties) = preSolution
		HideSolutionNode = FALSE
	EndGlobalSection
	GlobalSection(NestedProjects) = preSolution
		{A5C68993-2AEA-E33E-7AEC-F81A242BF5F9} = {83F23DA6-E45E-1EF5-1BFF-F6A7E44FB9EB}
		{56D13C22-A1D5-9CEE-158D-A19A5053E4BC} = {83F23DA6-E45E-1EF5-1BFF-F6A7E44FB9EB}
	EndGlobalSection
	GlobalSection(ExtensibilityGlobals) = postSolution
		SolutionGuid = {F022D215-5DCD-47C7-9E8C-DA9C286A9BA6}
	EndGlobalSection
EndGlobal
